<?xml version="1.0" encoding="utf-8"?>
<Project ToolsVersion="4.0" xmlns="http://schemas.microsoft.com/developer/msbuild/2003">
  <ItemGroup>
    <Filter Include="src">
      <UniqueIdentifier>{0c9c9660-abf5-452d-a72c-86d62ebdc733}</UniqueIdentifier>
    </Filter>
    <Filter Include="src\application">
      <UniqueIdentifier>{70c60d98-81dc-4005-9fa8-41e42731d98e}</UniqueIdentifier>
    </Filter>
    <Filter Include="src\include">
      <UniqueIdentifier>{1fc3bed4-8d5c-4b45-9383-dcc65d034f32}</UniqueIdentifier>
    </Filter>
  </ItemGroup>
  <ItemGroup>
    <ClInclude Include="functions.h">
      <Filter>src\include</Filter>
    </ClInclude>
  </ItemGroup>
  <ItemGroup>
    <ClCompile Include="main.cpp">
      <Filter>src\application</Filter>
    </ClCompile>
    <ClCompile Include="functions.cpp">
      <Filter>src\include</Filter>
    </ClCompile>
  </ItemGroup>
</Project>